
Microsoft Visual Studio Solution File, Format Version 12.00
# Visual Studio Version 16
VisualStudioVersion = 16.0.32407.337
MinimumVisualStudioVersion = 10.0.40219.1
Project("{FAE04EC0-301F-11D3-BF4B-00C04F79EFBC}") = "NewsletterAppMVC", "NewsletterAppMVC\NewsletterAppMVC.csproj", "{8DB3E1BD-6B6E-4893-A4E3-0175AA3486E0}"
EndProject
Global
	GlobalSection(SolutionConfigurationPlatforms) = preSolution
		Debug|Any CPU = Debug|Any CPU
		Release|Any CPU = Release|Any CPU
	EndGlobalSection
	GlobalSection(ProjectConfigurationPlatforms) = postSolution
		{8DB3E1BD-6B6E-4893-A4E3-0175AA3486E0}.Debug|Any CPU.ActiveCfg = Debug|Any CPU
		{8DB3E1BD-6B6E-4893-A4E3-0175AA3486E0}.Debug|Any CPU.Build.0 = Debug|Any CPU
		{8DB3E1BD-6B6E-4893-A4E3-0175AA3486E0}.Release|Any CPU.ActiveCfg = Release|Any CPU
		{8DB3E1BD-6B6E-4893-A4E3-0175AA3486E0}.Release|Any CPU.Build.0 = Release|Any CPU
	EndGlobalSection
	GlobalSection(SolutionProperties) = preSolution
		HideSolutionNode = FALSE
	EndGlobalSection
	GlobalSection(ExtensibilityGlobals) = postSolution
		SolutionGuid = {33FCAD8A-6F25-4A81-A3DD-A1DD87C3C885}
	EndGlobalSection
EndGlobal
