
Microsoft Visual Studio Solution File, Format Version 12.00
# Visual Studio Version 16
VisualStudioVersion = 16.0.32407.337
MinimumVisualStudioVersion = 10.0.40219.1
Project("{FAE04EC0-301F-11D3-BF4B-00C04F79EFBC}") = "TechAcadStudentsMVC", "TechAcadStudentsMVC\TechAcadStudentsMVC.csproj", "{5AEE2A4B-F7F7-4A1C-A9CB-A204F7D229C7}"
EndProject
Global
	GlobalSection(SolutionConfigurationPlatforms) = preSolution
		Debug|Any CPU = Debug|Any CPU
		Release|Any CPU = Release|Any CPU
	EndGlobalSection
	GlobalSection(ProjectConfigurationPlatforms) = postSolution
		{5AEE2A4B-F7F7-4A1C-A9CB-A204F7D229C7}.Debug|Any CPU.ActiveCfg = Debug|Any CPU
		{5AEE2A4B-F7F7-4A1C-A9CB-A204F7D229C7}.Debug|Any CPU.Build.0 = Debug|Any CPU
		{5AEE2A4B-F7F7-4A1C-A9CB-A204F7D229C7}.Release|Any CPU.ActiveCfg = Release|Any CPU
		{5AEE2A4B-F7F7-4A1C-A9CB-A204F7D229C7}.Release|Any CPU.Build.0 = Release|Any CPU
	EndGlobalSection
	GlobalSection(SolutionProperties) = preSolution
		HideSolutionNode = FALSE
	EndGlobalSection
	GlobalSection(ExtensibilityGlobals) = postSolution
		SolutionGuid = {8A8721C9-A141-40A5-89A3-48CB59DB8ED5}
	EndGlobalSection
EndGlobal
