
Microsoft Visual Studio Solution File, Format Version 12.00
# Visual Studio Version 16
VisualStudioVersion = 16.0.32407.337
MinimumVisualStudioVersion = 10.0.40219.1
Project("{FAE04EC0-301F-11D3-BF4B-00C04F79EFBC}") = "Scores", "Scores\Scores.csproj", "{44E2CA48-6560-4665-B23D-0A55882D7945}"
EndProject
Global
	GlobalSection(SolutionConfigurationPlatforms) = preSolution
		Debug|Any CPU = Debug|Any CPU
		Release|Any CPU = Release|Any CPU
	EndGlobalSection
	GlobalSection(ProjectConfigurationPlatforms) = postSolution
		{44E2CA48-6560-4665-B23D-0A55882D7945}.Debug|Any CPU.ActiveCfg = Debug|Any CPU
		{44E2CA48-6560-4665-B23D-0A55882D7945}.Debug|Any CPU.Build.0 = Debug|Any CPU
		{44E2CA48-6560-4665-B23D-0A55882D7945}.Release|Any CPU.ActiveCfg = Release|Any CPU
		{44E2CA48-6560-4665-B23D-0A55882D7945}.Release|Any CPU.Build.0 = Release|Any CPU
	EndGlobalSection
	GlobalSection(SolutionProperties) = preSolution
		HideSolutionNode = FALSE
	EndGlobalSection
	GlobalSection(ExtensibilityGlobals) = postSolution
		SolutionGuid = {7B37E415-3535-4931-B1E3-11A2FBB2B325}
	EndGlobalSection
EndGlobal
